
Microsoft Visual Studio Solution File, Format Version 12.00
# Visual Studio 15
VisualStudioVersion = 15.0.27703.2035
MinimumVisualStudioVersion = 10.0.40219.1
Project("{FAE04EC0-301F-11D3-BF4B-00C04F79EFBC}") = "App09_Cinemix.Android", "App09_Cinemix\App09_Cinemix.Android\App09_Cinemix.Android.csproj", "{82AAA3DF-79CC-4F7B-A3F4-237286AEF6CA}"
EndProject
Project("{FAE04EC0-301F-11D3-BF4B-00C04F79EFBC}") = "App09_Cinemix.iOS", "App09_Cinemix\App09_Cinemix.iOS\App09_Cinemix.iOS.csproj", "{4F8BD7DD-1CBE-48E9-AD84-CC744922FD8E}"
EndProject
Project("{FAE04EC0-301F-11D3-BF4B-00C04F79EFBC}") = "App09_Cinemix.UWP", "App09_Cinemix\App09_Cinemix.UWP\App09_Cinemix.UWP.csproj", "{D0917A27-BEEA-47D0-B03D-E01FD0EC417B}"
EndProject
Project("{FAE04EC0-301F-11D3-BF4B-00C04F79EFBC}") = "App09_Cinemix", "App09_Cinemix\App09_Cinemix\App09_Cinemix.csproj", "{C79E33D1-94CD-4846-AEC2-270038DE3001}"
EndProject
Global
	GlobalSection(SolutionConfigurationPlatforms) = preSolution
		Ad-Hoc|Any CPU = Ad-Hoc|Any CPU
		Ad-Hoc|ARM = Ad-Hoc|ARM
		Ad-Hoc|iPhone = Ad-Hoc|iPhone
		Ad-Hoc|iPhoneSimulator = Ad-Hoc|iPhoneSimulator
		Ad-Hoc|x64 = Ad-Hoc|x64
		Ad-Hoc|x86 = Ad-Hoc|x86
		AppStore|Any CPU = AppStore|Any CPU
		AppStore|ARM = AppStore|ARM
		AppStore|iPhone = AppStore|iPhone
		AppStore|iPhoneSimulator = AppStore|iPhoneSimulator
		AppStore|x64 = AppStore|x64
		AppStore|x86 = AppStore|x86
		Debug|Any CPU = Debug|Any CPU
		Debug|ARM = Debug|ARM
		Debug|iPhone = Debug|iPhone
		Debug|iPhoneSimulator = Debug|iPhoneSimulator
		Debug|x64 = Debug|x64
		Debug|x86 = Debug|x86
		Release|Any CPU = Release|Any CPU
		Release|ARM = Release|ARM
		Release|iPhone = Release|iPhone
		Release|iPhoneSimulator = Release|iPhoneSimulator
		Release|x64 = Release|x64
		Release|x86 = Release|x86
	EndGlobalSection
	GlobalSection(ProjectConfigurationPlatforms) = postSolution
		{82AAA3DF-79CC-4F7B-A3F4-237286AEF6CA}.Ad-Hoc|Any CPU.ActiveCfg = Release|Any CPU
		{82AAA3DF-79CC-4F7B-A3F4-237286AEF6CA}.Ad-Hoc|Any CPU.Build.0 = Release|Any CPU
		{82AAA3DF-79CC-4F7B-A3F4-237286AEF6CA}.Ad-Hoc|Any CPU.Deploy.0 = Release|Any CPU
		{82AAA3DF-79CC-4F7B-A3F4-237286AEF6CA}.Ad-Hoc|ARM.ActiveCfg = Release|Any CPU
		{82AAA3DF-79CC-4F7B-A3F4-237286AEF6CA}.Ad-Hoc|ARM.Build.0 = Release|Any CPU
		{82AAA3DF-79CC-4F7B-A3F4-237286AEF6CA}.Ad-Hoc|ARM.Deploy.0 = Release|Any CPU
		{82AAA3DF-79CC-4F7B-A3F4-237286AEF6CA}.Ad-Hoc|iPhone.ActiveCfg = Release|Any CPU
		{82AAA3DF-79CC-4F7B-A3F4-237286AEF6CA}.Ad-Hoc|iPhone.Build.0 = Release|Any CPU
		{82AAA3DF-79CC-4F7B-A3F4-237286AEF6CA}.Ad-Hoc|iPhone.Deploy.0 = Release|Any CPU
		{82AAA3DF-79CC-4F7B-A3F4-237286AEF6CA}.Ad-Hoc|iPhoneSimulator.ActiveCfg = Release|Any CPU
		{82AAA3DF-79CC-4F7B-A3F4-237286AEF6CA}.Ad-Hoc|iPhoneSimulator.Build.0 = Release|Any CPU
		{82AAA3DF-79CC-4F7B-A3F4-237286AEF6CA}.Ad-Hoc|iPhoneSimulator.Deploy.0 = Release|Any CPU
		{82AAA3DF-79CC-4F7B-A3F4-237286AEF6CA}.Ad-Hoc|x64.ActiveCfg = Release|Any CPU
		{82AAA3DF-79CC-4F7B-A3F4-237286AEF6CA}.Ad-Hoc|x64.Build.0 = Release|Any CPU
		{82AAA3DF-79CC-4F7B-A3F4-237286AEF6CA}.Ad-Hoc|x64.Deploy.0 = Release|Any CPU
		{82AAA3DF-79CC-4F7B-A3F4-237286AEF6CA}.Ad-Hoc|x86.ActiveCfg = Release|Any CPU
		{82AAA3DF-79CC-4F7B-A3F4-237286AEF6CA}.Ad-Hoc|x86.Build.0 = Release|Any CPU
		{82AAA3DF-79CC-4F7B-A3F4-237286AEF6CA}.Ad-Hoc|x86.Deploy.0 = Release|Any CPU
		{82AAA3DF-79CC-4F7B-A3F4-237286AEF6CA}.AppStore|Any CPU.ActiveCfg = Release|Any CPU
		{82AAA3DF-79CC-4F7B-A3F4-237286AEF6CA}.AppStore|Any CPU.Build.0 = Release|Any CPU
		{82AAA3DF-79CC-4F7B-A3F4-237286AEF6CA}.AppStore|Any CPU.Deploy.0 = Release|Any CPU
		{82AAA3DF-79CC-4F7B-A3F4-237286AEF6CA}.AppStore|ARM.ActiveCfg = Release|Any CPU
		{82AAA3DF-79CC-4F7B-A3F4-237286AEF6CA}.AppStore|ARM.Build.0 = Release|Any CPU
		{82AAA3DF-79CC-4F7B-A3F4-237286AEF6CA}.AppStore|ARM.Deploy.0 = Release|Any CPU
		{82AAA3DF-79CC-4F7B-A3F4-237286AEF6CA}.AppStore|iPhone.ActiveCfg = Release|Any CPU
		{82AAA3DF-79CC-4F7B-A3F4-237286AEF6CA}.AppStore|iPhone.Build.0 = Release|Any CPU
		{82AAA3DF-79CC-4F7B-A3F4-237286AEF6CA}.AppStore|iPhone.Deploy.0 = Release|Any CPU
		{82AAA3DF-79CC-4F7B-A3F4-237286AEF6CA}.AppStore|iPhoneSimulator.ActiveCfg = Release|Any CPU
		{82AAA3DF-79CC-4F7B-A3F4-237286AEF6CA}.AppStore|iPhoneSimulator.Build.0 = Release|Any CPU
		{82AAA3DF-79CC-4F7B-A3F4-237286AEF6CA}.AppStore|iPhoneSimulator.Deploy.0 = Release|Any CPU
		{82AAA3DF-79CC-4F7B-A3F4-237286AEF6CA}.AppStore|x64.ActiveCfg = Release|Any CPU
		{82AAA3DF-79CC-4F7B-A3F4-237286AEF6CA}.AppStore|x64.Build.0 = Release|Any CPU
		{82AAA3DF-79CC-4F7B-A3F4-237286AEF6CA}.AppStore|x64.Deploy.0 = Release|Any CPU
		{82AAA3DF-79CC-4F7B-A3F4-237286AEF6CA}.AppStore|x86.ActiveCfg = Release|Any CPU
		{82AAA3DF-79CC-4F7B-A3F4-237286AEF6CA}.AppStore|x86.Build.0 = Release|Any CPU
		{82AAA3DF-79CC-4F7B-A3F4-237286AEF6CA}.AppStore|x86.Deploy.0 = Release|Any CPU
		{82AAA3DF-79CC-4F7B-A3F4-237286AEF6CA}.Debug|Any CPU.ActiveCfg = Debug|Any CPU
		{82AAA3DF-79CC-4F7B-A3F4-237286AEF6CA}.Debug|Any CPU.Build.0 = Debug|Any CPU
		{82AAA3DF-79CC-4F7B-A3F4-237286AEF6CA}.Debug|Any CPU.Deploy.0 = Debug|Any CPU
		{82AAA3DF-79CC-4F7B-A3F4-237286AEF6CA}.Debug|ARM.ActiveCfg = Debug|Any CPU
		{82AAA3DF-79CC-4F7B-A3F4-237286AEF6CA}.Debug|ARM.Build.0 = Debug|Any CPU
		{82AAA3DF-79CC-4F7B-A3F4-237286AEF6CA}.Debug|ARM.Deploy.0 = Debug|Any CPU
		{82AAA3DF-79CC-4F7B-A3F4-237286AEF6CA}.Debug|iPhone.ActiveCfg = Debug|Any CPU
		{82AAA3DF-79CC-4F7B-A3F4-237286AEF6CA}.Debug|iPhone.Build.0 = Debug|Any CPU
		{82AAA3DF-79CC-4F7B-A3F4-237286AEF6CA}.Debug|iPhone.Deploy.0 = Debug|Any CPU
		{82AAA3DF-79CC-4F7B-A3F4-237286AEF6CA}.Debug|iPhoneSimulator.ActiveCfg = Debug|Any CPU
		{82AAA3DF-79CC-4F7B-A3F4-237286AEF6CA}.Debug|iPhoneSimulator.Build.0 = Debug|Any CPU
		{82AAA3DF-79CC-4F7B-A3F4-237286AEF6CA}.Debug|iPhoneSimulator.Deploy.0 = Debug|Any CPU
		{82AAA3DF-79CC-4F7B-A3F4-237286AEF6CA}.Debug|x64.ActiveCfg = Debug|Any CPU
		{82AAA3DF-79CC-4F7B-A3F4-237286AEF6CA}.Debug|x64.Build.0 = Debug|Any CPU
		{82AAA3DF-79CC-4F7B-A3F4-237286AEF6CA}.Debug|x64.Deploy.0 = Debug|Any CPU
		{82AAA3DF-79CC-4F7B-A3F4-237286AEF6CA}.Debug|x86.ActiveCfg = Debug|Any CPU
		{82AAA3DF-79CC-4F7B-A3F4-237286AEF6CA}.Debug|x86.Build.0 = Debug|Any CPU
		{82AAA3DF-79CC-4F7B-A3F4-237286AEF6CA}.Debug|x86.Deploy.0 = Debug|Any CPU
		{82AAA3DF-79CC-4F7B-A3F4-237286AEF6CA}.Release|Any CPU.ActiveCfg = Release|Any CPU
		{82AAA3DF-79CC-4F7B-A3F4-237286AEF6CA}.Release|Any CPU.Build.0 = Release|Any CPU
		{82AAA3DF-79CC-4F7B-A3F4-237286AEF6CA}.Release|Any CPU.Deploy.0 = Release|Any CPU
		{82AAA3DF-79CC-4F7B-A3F4-237286AEF6CA}.Release|ARM.ActiveCfg = Release|Any CPU
		{82AAA3DF-79CC-4F7B-A3F4-237286AEF6CA}.Release|ARM.Build.0 = Release|Any CPU
		{82AAA3DF-79CC-4F7B-A3F4-237286AEF6CA}.Release|ARM.Deploy.0 = Release|Any CPU
		{82AAA3DF-79CC-4F7B-A3F4-237286AEF6CA}.Release|iPhone.ActiveCfg = Release|Any CPU
		{82AAA3DF-79CC-4F7B-A3F4-237286AEF6CA}.Release|iPhone.Build.0 = Release|Any CPU
		{82AAA3DF-79CC-4F7B-A3F4-237286AEF6CA}.Release|iPhone.Deploy.0 = Release|Any CPU
		{82AAA3DF-79CC-4F7B-A3F4-237286AEF6CA}.Release|iPhoneSimulator.ActiveCfg = Release|Any CPU
		{82AAA3DF-79CC-4F7B-A3F4-237286AEF6CA}.Release|iPhoneSimulator.Build.0 = Release|Any CPU
		{82AAA3DF-79CC-4F7B-A3F4-237286AEF6CA}.Release|iPhoneSimulator.Deploy.0 = Release|Any CPU
		{82AAA3DF-79CC-4F7B-A3F4-237286AEF6CA}.Release|x64.ActiveCfg = Release|Any CPU
		{82AAA3DF-79CC-4F7B-A3F4-237286AEF6CA}.Release|x64.Build.0 = Release|Any CPU
		{82AAA3DF-79CC-4F7B-A3F4-237286AEF6CA}.Release|x64.Deploy.0 = Release|Any CPU
		{82AAA3DF-79CC-4F7B-A3F4-237286AEF6CA}.Release|x86.ActiveCfg = Release|Any CPU
		{82AAA3DF-79CC-4F7B-A3F4-237286AEF6CA}.Release|x86.Build.0 = Release|Any CPU
		{82AAA3DF-79CC-4F7B-A3F4-237286AEF6CA}.Release|x86.Deploy.0 = Release|Any CPU
		{4F8BD7DD-1CBE-48E9-AD84-CC744922FD8E}.Ad-Hoc|Any CPU.ActiveCfg = Ad-Hoc|iPhone
		{4F8BD7DD-1CBE-48E9-AD84-CC744922FD8E}.Ad-Hoc|Any CPU.Build.0 = Ad-Hoc|iPhone
		{4F8BD7DD-1CBE-48E9-AD84-CC744922FD8E}.Ad-Hoc|Any CPU.Deploy.0 = Ad-Hoc|iPhone
		{4F8BD7DD-1CBE-48E9-AD84-CC744922FD8E}.Ad-Hoc|ARM.ActiveCfg = Ad-Hoc|iPhone
		{4F8BD7DD-1CBE-48E9-AD84-CC744922FD8E}.Ad-Hoc|ARM.Build.0 = Ad-Hoc|iPhone
		{4F8BD7DD-1CBE-48E9-AD84-CC744922FD8E}.Ad-Hoc|ARM.Deploy.0 = Ad-Hoc|iPhone
		{4F8BD7DD-1CBE-48E9-AD84-CC744922FD8E}.Ad-Hoc|iPhone.ActiveCfg = Ad-Hoc|iPhone
		{4F8BD7DD-1CBE-48E9-AD84-CC744922FD8E}.Ad-Hoc|iPhone.Build.0 = Ad-Hoc|iPhone
		{4F8BD7DD-1CBE-48E9-AD84-CC744922FD8E}.Ad-Hoc|iPhone.Deploy.0 = Ad-Hoc|iPhone
		{4F8BD7DD-1CBE-48E9-AD84-CC744922FD8E}.Ad-Hoc|iPhoneSimulator.ActiveCfg = Ad-Hoc|iPhoneSimulator
		{4F8BD7DD-1CBE-48E9-AD84-CC744922FD8E}.Ad-Hoc|iPhoneSimulator.Build.0 = Ad-Hoc|iPhoneSimulator
		{4F8BD7DD-1CBE-48E9-AD84-CC744922FD8E}.Ad-Hoc|iPhoneSimulator.Deploy.0 = Ad-Hoc|iPhoneSimulator
		{4F8BD7DD-1CBE-48E9-AD84-CC744922FD8E}.Ad-Hoc|x64.ActiveCfg = Ad-Hoc|iPhone
		{4F8BD7DD-1CBE-48E9-AD84-CC744922FD8E}.Ad-Hoc|x64.Build.0 = Ad-Hoc|iPhone
		{4F8BD7DD-1CBE-48E9-AD84-CC744922FD8E}.Ad-Hoc|x64.Deploy.0 = Ad-Hoc|iPhone
		{4F8BD7DD-1CBE-48E9-AD84-CC744922FD8E}.Ad-Hoc|x86.ActiveCfg = Ad-Hoc|iPhone
		{4F8BD7DD-1CBE-48E9-AD84-CC744922FD8E}.Ad-Hoc|x86.Build.0 = Ad-Hoc|iPhone
		{4F8BD7DD-1CBE-48E9-AD84-CC744922FD8E}.Ad-Hoc|x86.Deploy.0 = Ad-Hoc|iPhone
		{4F8BD7DD-1CBE-48E9-AD84-CC744922FD8E}.AppStore|Any CPU.ActiveCfg = AppStore|iPhone
		{4F8BD7DD-1CBE-48E9-AD84-CC744922FD8E}.AppStore|Any CPU.Build.0 = AppStore|iPhone
		{4F8BD7DD-1CBE-48E9-AD84-CC744922FD8E}.AppStore|Any CPU.Deploy.0 = AppStore|iPhone
		{4F8BD7DD-1CBE-48E9-AD84-CC744922FD8E}.AppStore|ARM.ActiveCfg = AppStore|iPhone
		{4F8BD7DD-1CBE-48E9-AD84-CC744922FD8E}.AppStore|ARM.Build.0 = AppStore|iPhone
		{4F8BD7DD-1CBE-48E9-AD84-CC744922FD8E}.AppStore|ARM.Deploy.0 = AppStore|iPhone
		{4F8BD7DD-1CBE-48E9-AD84-CC744922FD8E}.AppStore|iPhone.ActiveCfg = AppStore|iPhone
		{4F8BD7DD-1CBE-48E9-AD84-CC744922FD8E}.AppStore|iPhone.Build.0 = AppStore|iPhone
		{4F8BD7DD-1CBE-48E9-AD84-CC744922FD8E}.AppStore|iPhone.Deploy.0 = AppStore|iPhone
		{4F8BD7DD-1CBE-48E9-AD84-CC744922FD8E}.AppStore|iPhoneSimulator.ActiveCfg = AppStore|iPhoneSimulator
		{4F8BD7DD-1CBE-48E9-AD84-CC744922FD8E}.AppStore|iPhoneSimulator.Build.0 = AppStore|iPhoneSimulator
		{4F8BD7DD-1CBE-48E9-AD84-CC744922FD8E}.AppStore|iPhoneSimulator.Deploy.0 = AppStore|iPhoneSimulator
		{4F8BD7DD-1CBE-48E9-AD84-CC744922FD8E}.AppStore|x64.ActiveCfg = AppStore|iPhone
		{4F8BD7DD-1CBE-48E9-AD84-CC744922FD8E}.AppStore|x64.Build.0 = AppStore|iPhone
		{4F8BD7DD-1CBE-48E9-AD84-CC744922FD8E}.AppStore|x64.Deploy.0 = AppStore|iPhone
		{4F8BD7DD-1CBE-48E9-AD84-CC744922FD8E}.AppStore|x86.ActiveCfg = AppStore|iPhone
		{4F8BD7DD-1CBE-48E9-AD84-CC744922FD8E}.AppStore|x86.Build.0 = AppStore|iPhone
		{4F8BD7DD-1CBE-48E9-AD84-CC744922FD8E}.AppStore|x86.Deploy.0 = AppStore|iPhone
		{4F8BD7DD-1CBE-48E9-AD84-CC744922FD8E}.Debug|Any CPU.ActiveCfg = Debug|iPhoneSimulator
		{4F8BD7DD-1CBE-48E9-AD84-CC744922FD8E}.Debug|Any CPU.Build.0 = Debug|iPhoneSimulator
		{4F8BD7DD-1CBE-48E9-AD84-CC744922FD8E}.Debug|Any CPU.Deploy.0 = Debug|iPhoneSimulator
		{4F8BD7DD-1CBE-48E9-AD84-CC744922FD8E}.Debug|ARM.ActiveCfg = Debug|iPhone
		{4F8BD7DD-1CBE-48E9-AD84-CC744922FD8E}.Debug|ARM.Build.0 = Debug|iPhone
		{4F8BD7DD-1CBE-48E9-AD84-CC744922FD8E}.Debug|ARM.Deploy.0 = Debug|iPhone
		{4F8BD7DD-1CBE-48E9-AD84-CC744922FD8E}.Debug|iPhone.ActiveCfg = Debug|iPhone
		{4F8BD7DD-1CBE-48E9-AD84-CC744922FD8E}.Debug|iPhone.Build.0 = Debug|iPhone
		{4F8BD7DD-1CBE-48E9-AD84-CC744922FD8E}.Debug|iPhone.Deploy.0 = Debug|iPhone
		{4F8BD7DD-1CBE-48E9-AD84-CC744922FD8E}.Debug|iPhoneSimulator.ActiveCfg = Debug|iPhoneSimulator
		{4F8BD7DD-1CBE-48E9-AD84-CC744922FD8E}.Debug|iPhoneSimulator.Build.0 = Debug|iPhoneSimulator
		{4F8BD7DD-1CBE-48E9-AD84-CC744922FD8E}.Debug|iPhoneSimulator.Deploy.0 = Debug|iPhoneSimulator
		{4F8BD7DD-1CBE-48E9-AD84-CC744922FD8E}.Debug|x64.ActiveCfg = Debug|iPhone
		{4F8BD7DD-1CBE-48E9-AD84-CC744922FD8E}.Debug|x64.Build.0 = Debug|iPhone
		{4F8BD7DD-1CBE-48E9-AD84-CC744922FD8E}.Debug|x64.Deploy.0 = Debug|iPhone
		{4F8BD7DD-1CBE-48E9-AD84-CC744922FD8E}.Debug|x86.ActiveCfg = Debug|iPhone
		{4F8BD7DD-1CBE-48E9-AD84-CC744922FD8E}.Debug|x86.Build.0 = Debug|iPhone
		{4F8BD7DD-1CBE-48E9-AD84-CC744922FD8E}.Debug|x86.Deploy.0 = Debug|iPhone
		{4F8BD7DD-1CBE-48E9-AD84-CC744922FD8E}.Release|Any CPU.ActiveCfg = Release|iPhone
		{4F8BD7DD-1CBE-48E9-AD84-CC744922FD8E}.Release|Any CPU.Build.0 = Release|iPhone
		{4F8BD7DD-1CBE-48E9-AD84-CC744922FD8E}.Release|Any CPU.Deploy.0 = Release|iPhone
		{4F8BD7DD-1CBE-48E9-AD84-CC744922FD8E}.Release|ARM.ActiveCfg = Release|iPhone
		{4F8BD7DD-1CBE-48E9-AD84-CC744922FD8E}.Release|ARM.Build.0 = Release|iPhone
		{4F8BD7DD-1CBE-48E9-AD84-CC744922FD8E}.Release|ARM.Deploy.0 = Release|iPhone
		{4F8BD7DD-1CBE-48E9-AD84-CC744922FD8E}.Release|iPhone.ActiveCfg = Release|iPhone
		{4F8BD7DD-1CBE-48E9-AD84-CC744922FD8E}.Release|iPhone.Build.0 = Release|iPhone
		{4F8BD7DD-1CBE-48E9-AD84-CC744922FD8E}.Release|iPhone.Deploy.0 = Release|iPhone
		{4F8BD7DD-1CBE-48E9-AD84-CC744922FD8E}.Release|iPhoneSimulator.ActiveCfg = Release|iPhoneSimulator
		{4F8BD7DD-1CBE-48E9-AD84-CC744922FD8E}.Release|iPhoneSimulator.Build.0 = Release|iPhoneSimulator
		{4F8BD7DD-1CBE-48E9-AD84-CC744922FD8E}.Release|iPhoneSimulator.Deploy.0 = Release|iPhoneSimulator
		{4F8BD7DD-1CBE-48E9-AD84-CC744922FD8E}.Release|x64.ActiveCfg = Release|iPhone
		{4F8BD7DD-1CBE-48E9-AD84-CC744922FD8E}.Release|x64.Build.0 = Release|iPhone
		{4F8BD7DD-1CBE-48E9-AD84-CC744922FD8E}.Release|x64.Deploy.0 = Release|iPhone
		{4F8BD7DD-1CBE-48E9-AD84-CC744922FD8E}.Release|x86.ActiveCfg = Release|iPhone
		{4F8BD7DD-1CBE-48E9-AD84-CC744922FD8E}.Release|x86.Build.0 = Release|iPhone
		{4F8BD7DD-1CBE-48E9-AD84-CC744922FD8E}.Release|x86.Deploy.0 = Release|iPhone
		{D0917A27-BEEA-47D0-B03D-E01FD0EC417B}.Ad-Hoc|Any CPU.ActiveCfg = Release|x86
		{D0917A27-BEEA-47D0-B03D-E01FD0EC417B}.Ad-Hoc|Any CPU.Build.0 = Release|x86
		{D0917A27-BEEA-47D0-B03D-E01FD0EC417B}.Ad-Hoc|Any CPU.Deploy.0 = Release|x86
		{D0917A27-BEEA-47D0-B03D-E01FD0EC417B}.Ad-Hoc|ARM.ActiveCfg = Release|ARM
		{D0917A27-BEEA-47D0-B03D-E01FD0EC417B}.Ad-Hoc|ARM.Build.0 = Release|ARM
		{D0917A27-BEEA-47D0-B03D-E01FD0EC417B}.Ad-Hoc|ARM.Deploy.0 = Release|ARM
		{D0917A27-BEEA-47D0-B03D-E01FD0EC417B}.Ad-Hoc|iPhone.ActiveCfg = Release|x86
		{D0917A27-BEEA-47D0-B03D-E01FD0EC417B}.Ad-Hoc|iPhone.Build.0 = Release|x86
		{D0917A27-BEEA-47D0-B03D-E01FD0EC417B}.Ad-Hoc|iPhone.Deploy.0 = Release|x86
		{D0917A27-BEEA-47D0-B03D-E01FD0EC417B}.Ad-Hoc|iPhoneSimulator.ActiveCfg = Release|x86
		{D0917A27-BEEA-47D0-B03D-E01FD0EC417B}.Ad-Hoc|iPhoneSimulator.Build.0 = Release|x86
		{D0917A27-BEEA-47D0-B03D-E01FD0EC417B}.Ad-Hoc|iPhoneSimulator.Deploy.0 = Release|x86
		{D0917A27-BEEA-47D0-B03D-E01FD0EC417B}.Ad-Hoc|x64.ActiveCfg = Release|x64
		{D0917A27-BEEA-47D0-B03D-E01FD0EC417B}.Ad-Hoc|x64.Build.0 = Release|x64
		{D0917A27-BEEA-47D0-B03D-E01FD0EC417B}.Ad-Hoc|x64.Deploy.0 = Release|x64
		{D0917A27-BEEA-47D0-B03D-E01FD0EC417B}.Ad-Hoc|x86.ActiveCfg = Release|x86
		{D0917A27-BEEA-47D0-B03D-E01FD0EC417B}.Ad-Hoc|x86.Build.0 = Release|x86
		{D0917A27-BEEA-47D0-B03D-E01FD0EC417B}.Ad-Hoc|x86.Deploy.0 = Release|x86
		{D0917A27-BEEA-47D0-B03D-E01FD0EC417B}.AppStore|Any CPU.ActiveCfg = Release|x86
		{D0917A27-BEEA-47D0-B03D-E01FD0EC417B}.AppStore|Any CPU.Build.0 = Release|x86
		{D0917A27-BEEA-47D0-B03D-E01FD0EC417B}.AppStore|Any CPU.Deploy.0 = Release|x86
		{D0917A27-BEEA-47D0-B03D-E01FD0EC417B}.AppStore|ARM.ActiveCfg = Release|ARM
		{D0917A27-BEEA-47D0-B03D-E01FD0EC417B}.AppStore|ARM.Build.0 = Release|ARM
		{D0917A27-BEEA-47D0-B03D-E01FD0EC417B}.AppStore|ARM.Deploy.0 = Release|ARM
		{D0917A27-BEEA-47D0-B03D-E01FD0EC417B}.AppStore|iPhone.ActiveCfg = Release|x86
		{D0917A27-BEEA-47D0-B03D-E01FD0EC417B}.AppStore|iPhone.Build.0 = Release|x86
		{D0917A27-BEEA-47D0-B03D-E01FD0EC417B}.AppStore|iPhone.Deploy.0 = Release|x86
		{D0917A27-BEEA-47D0-B03D-E01FD0EC417B}.AppStore|iPhoneSimulator.ActiveCfg = Release|x86
		{D0917A27-BEEA-47D0-B03D-E01FD0EC417B}.AppStore|iPhoneSimulator.Build.0 = Release|x86
		{D0917A27-BEEA-47D0-B03D-E01FD0EC417B}.AppStore|iPhoneSimulator.Deploy.0 = Release|x86
		{D0917A27-BEEA-47D0-B03D-E01FD0EC417B}.AppStore|x64.ActiveCfg = Release|x64
		{D0917A27-BEEA-47D0-B03D-E01FD0EC417B}.AppStore|x64.Build.0 = Release|x64
		{D0917A27-BEEA-47D0-B03D-E01FD0EC417B}.AppStore|x64.Deploy.0 = Release|x64
		{D0917A27-BEEA-47D0-B03D-E01FD0EC417B}.AppStore|x86.ActiveCfg = Release|x86
		{D0917A27-BEEA-47D0-B03D-E01FD0EC417B}.AppStore|x86.Build.0 = Release|x86
		{D0917A27-BEEA-47D0-B03D-E01FD0EC417B}.AppStore|x86.Deploy.0 = Release|x86
		{D0917A27-BEEA-47D0-B03D-E01FD0EC417B}.Debug|Any CPU.ActiveCfg = Debug|x86
		{D0917A27-BEEA-47D0-B03D-E01FD0EC417B}.Debug|Any CPU.Build.0 = Debug|x86
		{D0917A27-BEEA-47D0-B03D-E01FD0EC417B}.Debug|Any CPU.Deploy.0 = Debug|x86
		{D0917A27-BEEA-47D0-B03D-E01FD0EC417B}.Debug|ARM.ActiveCfg = Debug|ARM
		{D0917A27-BEEA-47D0-B03D-E01FD0EC417B}.Debug|ARM.Build.0 = Debug|ARM
		{D0917A27-BEEA-47D0-B03D-E01FD0EC417B}.Debug|ARM.Deploy.0 = Debug|ARM
		{D0917A27-BEEA-47D0-B03D-E01FD0EC417B}.Debug|iPhone.ActiveCfg = Debug|x86
		{D0917A27-BEEA-47D0-B03D-E01FD0EC417B}.Debug|iPhone.Build.0 = Debug|x86
		{D0917A27-BEEA-47D0-B03D-E01FD0EC417B}.Debug|iPhone.Deploy.0 = Debug|x86
		{D0917A27-BEEA-47D0-B03D-E01FD0EC417B}.Debug|iPhoneSimulator.ActiveCfg = Debug|x86
		{D0917A27-BEEA-47D0-B03D-E01FD0EC417B}.Debug|iPhoneSimulator.Build.0 = Debug|x86
		{D0917A27-BEEA-47D0-B03D-E01FD0EC417B}.Debug|iPhoneSimulator.Deploy.0 = Debug|x86
		{D0917A27-BEEA-47D0-B03D-E01FD0EC417B}.Debug|x64.ActiveCfg = Debug|x64
		{D0917A27-BEEA-47D0-B03D-E01FD0EC417B}.Debug|x64.Build.0 = Debug|x64
		{D0917A27-BEEA-47D0-B03D-E01FD0EC417B}.Debug|x64.Deploy.0 = Debug|x64
		{D0917A27-BEEA-47D0-B03D-E01FD0EC417B}.Debug|x86.ActiveCfg = Debug|x86
		{D0917A27-BEEA-47D0-B03D-E01FD0EC417B}.Debug|x86.Build.0 = Debug|x86
		{D0917A27-BEEA-47D0-B03D-E01FD0EC417B}.Debug|x86.Deploy.0 = Debug|x86
		{D0917A27-BEEA-47D0-B03D-E01FD0EC417B}.Release|Any CPU.ActiveCfg = Release|x86
		{D0917A27-BEEA-47D0-B03D-E01FD0EC417B}.Release|Any CPU.Build.0 = Release|x86
		{D0917A27-BEEA-47D0-B03D-E01FD0EC417B}.Release|Any CPU.Deploy.0 = Release|x86
		{D0917A27-BEEA-47D0-B03D-E01FD0EC417B}.Release|ARM.ActiveCfg = Release|ARM
		{D0917A27-BEEA-47D0-B03D-E01FD0EC417B}.Release|ARM.Build.0 = Release|ARM
		{D0917A27-BEEA-47D0-B03D-E01FD0EC417B}.Release|ARM.Deploy.0 = Release|ARM
		{D0917A27-BEEA-47D0-B03D-E01FD0EC417B}.Release|iPhone.ActiveCfg = Release|x86
		{D0917A27-BEEA-47D0-B03D-E01FD0EC417B}.Release|iPhone.Build.0 = Release|x86
		{D0917A27-BEEA-47D0-B03D-E01FD0EC417B}.Release|iPhone.Deploy.0 = Release|x86
		{D0917A27-BEEA-47D0-B03D-E01FD0EC417B}.Release|iPhoneSimulator.ActiveCfg = Release|x86
		{D0917A27-BEEA-47D0-B03D-E01FD0EC417B}.Release|iPhoneSimulator.Build.0 = Release|x86
		{D0917A27-BEEA-47D0-B03D-E01FD0EC417B}.Release|iPhoneSimulator.Deploy.0 = Release|x86
		{D0917A27-BEEA-47D0-B03D-E01FD0EC417B}.Release|x64.ActiveCfg = Release|x64
		{D0917A27-BEEA-47D0-B03D-E01FD0EC417B}.Release|x64.Build.0 = Release|x64
		{D0917A27-BEEA-47D0-B03D-E01FD0EC417B}.Release|x64.Deploy.0 = Release|x64
		{D0917A27-BEEA-47D0-B03D-E01FD0EC417B}.Release|x86.ActiveCfg = Release|x86
		{D0917A27-BEEA-47D0-B03D-E01FD0EC417B}.Release|x86.Build.0 = Release|x86
		{D0917A27-BEEA-47D0-B03D-E01FD0EC417B}.Release|x86.Deploy.0 = Release|x86
		{C79E33D1-94CD-4846-AEC2-270038DE3001}.Ad-Hoc|Any CPU.ActiveCfg = Debug|Any CPU
		{C79E33D1-94CD-4846-AEC2-270038DE3001}.Ad-Hoc|Any CPU.Build.0 = Debug|Any CPU
		{C79E33D1-94CD-4846-AEC2-270038DE3001}.Ad-Hoc|Any CPU.Deploy.0 = Debug|Any CPU
		{C79E33D1-94CD-4846-AEC2-270038DE3001}.Ad-Hoc|ARM.ActiveCfg = Debug|Any CPU
		{C79E33D1-94CD-4846-AEC2-270038DE3001}.Ad-Hoc|ARM.Build.0 = Debug|Any CPU
		{C79E33D1-94CD-4846-AEC2-270038DE3001}.Ad-Hoc|ARM.Deploy.0 = Debug|Any CPU
		{C79E33D1-94CD-4846-AEC2-270038DE3001}.Ad-Hoc|iPhone.ActiveCfg = Debug|Any CPU
		{C79E33D1-94CD-4846-AEC2-270038DE3001}.Ad-Hoc|iPhone.Build.0 = Debug|Any CPU
		{C79E33D1-94CD-4846-AEC2-270038DE3001}.Ad-Hoc|iPhone.Deploy.0 = Debug|Any CPU
		{C79E33D1-94CD-4846-AEC2-270038DE3001}.Ad-Hoc|iPhoneSimulator.ActiveCfg = Debug|Any CPU
		{C79E33D1-94CD-4846-AEC2-270038DE3001}.Ad-Hoc|iPhoneSimulator.Build.0 = Debug|Any CPU
		{C79E33D1-94CD-4846-AEC2-270038DE3001}.Ad-Hoc|iPhoneSimulator.Deploy.0 = Debug|Any CPU
		{C79E33D1-94CD-4846-AEC2-270038DE3001}.Ad-Hoc|x64.ActiveCfg = Debug|Any CPU
		{C79E33D1-94CD-4846-AEC2-270038DE3001}.Ad-Hoc|x64.Build.0 = Debug|Any CPU
		{C79E33D1-94CD-4846-AEC2-270038DE3001}.Ad-Hoc|x64.Deploy.0 = Debug|Any CPU
		{C79E33D1-94CD-4846-AEC2-270038DE3001}.Ad-Hoc|x86.ActiveCfg = Debug|Any CPU
		{C79E33D1-94CD-4846-AEC2-270038DE3001}.Ad-Hoc|x86.Build.0 = Debug|Any CPU
		{C79E33D1-94CD-4846-AEC2-270038DE3001}.Ad-Hoc|x86.Deploy.0 = Debug|Any CPU
		{C79E33D1-94CD-4846-AEC2-270038DE3001}.AppStore|Any CPU.ActiveCfg = Debug|Any CPU
		{C79E33D1-94CD-4846-AEC2-270038DE3001}.AppStore|Any CPU.Build.0 = Debug|Any CPU
		{C79E33D1-94CD-4846-AEC2-270038DE3001}.AppStore|Any CPU.Deploy.0 = Debug|Any CPU
		{C79E33D1-94CD-4846-AEC2-270038DE3001}.AppStore|ARM.ActiveCfg = Debug|Any CPU
		{C79E33D1-94CD-4846-AEC2-270038DE3001}.AppStore|ARM.Build.0 = Debug|Any CPU
		{C79E33D1-94CD-4846-AEC2-270038DE3001}.AppStore|ARM.Deploy.0 = Debug|Any CPU
		{C79E33D1-94CD-4846-AEC2-270038DE3001}.AppStore|iPhone.ActiveCfg = Debug|Any CPU
		{C79E33D1-94CD-4846-AEC2-270038DE3001}.AppStore|iPhone.Build.0 = Debug|Any CPU
		{C79E33D1-94CD-4846-AEC2-270038DE3001}.AppStore|iPhone.Deploy.0 = Debug|Any CPU
		{C79E33D1-94CD-4846-AEC2-270038DE3001}.AppStore|iPhoneSimulator.ActiveCfg = Debug|Any CPU
		{C79E33D1-94CD-4846-AEC2-270038DE3001}.AppStore|iPhoneSimulator.Build.0 = Debug|Any CPU
		{C79E33D1-94CD-4846-AEC2-270038DE3001}.AppStore|iPhoneSimulator.Deploy.0 = Debug|Any CPU
		{C79E33D1-94CD-4846-AEC2-270038DE3001}.AppStore|x64.ActiveCfg = Debug|Any CPU
		{C79E33D1-94CD-4846-AEC2-270038DE3001}.AppStore|x64.Build.0 = Debug|Any CPU
		{C79E33D1-94CD-4846-AEC2-270038DE3001}.AppStore|x64.Deploy.0 = Debug|Any CPU
		{C79E33D1-94CD-4846-AEC2-270038DE3001}.AppStore|x86.ActiveCfg = Debug|Any CPU
		{C79E33D1-94CD-4846-AEC2-270038DE3001}.AppStore|x86.Build.0 = Debug|Any CPU
		{C79E33D1-94CD-4846-AEC2-270038DE3001}.AppStore|x86.Deploy.0 = Debug|Any CPU
		{C79E33D1-94CD-4846-AEC2-270038DE3001}.Debug|Any CPU.ActiveCfg = Debug|Any CPU
		{C79E33D1-94CD-4846-AEC2-270038DE3001}.Debug|Any CPU.Build.0 = Debug|Any CPU
		{C79E33D1-94CD-4846-AEC2-270038DE3001}.Debug|Any CPU.Deploy.0 = Debug|Any CPU
		{C79E33D1-94CD-4846-AEC2-270038DE3001}.Debug|ARM.ActiveCfg = Debug|Any CPU
		{C79E33D1-94CD-4846-AEC2-270038DE3001}.Debug|ARM.Build.0 = Debug|Any CPU
		{C79E33D1-94CD-4846-AEC2-270038DE3001}.Debug|ARM.Deploy.0 = Debug|Any CPU
		{C79E33D1-94CD-4846-AEC2-270038DE3001}.Debug|iPhone.ActiveCfg = Debug|Any CPU
		{C79E33D1-94CD-4846-AEC2-270038DE3001}.Debug|iPhone.Build.0 = Debug|Any CPU
		{C79E33D1-94CD-4846-AEC2-270038DE3001}.Debug|iPhone.Deploy.0 = Debug|Any CPU
		{C79E33D1-94CD-4846-AEC2-270038DE3001}.Debug|iPhoneSimulator.ActiveCfg = Debug|Any CPU
		{C79E33D1-94CD-4846-AEC2-270038DE3001}.Debug|iPhoneSimulator.Build.0 = Debug|Any CPU
		{C79E33D1-94CD-4846-AEC2-270038DE3001}.Debug|iPhoneSimulator.Deploy.0 = Debug|Any CPU
		{C79E33D1-94CD-4846-AEC2-270038DE3001}.Debug|x64.ActiveCfg = Debug|Any CPU
		{C79E33D1-94CD-4846-AEC2-270038DE3001}.Debug|x64.Build.0 = Debug|Any CPU
		{C79E33D1-94CD-4846-AEC2-270038DE3001}.Debug|x64.Deploy.0 = Debug|Any CPU
		{C79E33D1-94CD-4846-AEC2-270038DE3001}.Debug|x86.ActiveCfg = Debug|Any CPU
		{C79E33D1-94CD-4846-AEC2-270038DE3001}.Debug|x86.Build.0 = Debug|Any CPU
		{C79E33D1-94CD-4846-AEC2-270038DE3001}.Debug|x86.Deploy.0 = Debug|Any CPU
		{C79E33D1-94CD-4846-AEC2-270038DE3001}.Release|Any CPU.ActiveCfg = Release|Any CPU
		{C79E33D1-94CD-4846-AEC2-270038DE3001}.Release|Any CPU.Build.0 = Release|Any CPU
		{C79E33D1-94CD-4846-AEC2-270038DE3001}.Release|Any CPU.Deploy.0 = Release|Any CPU
		{C79E33D1-94CD-4846-AEC2-270038DE3001}.Release|ARM.ActiveCfg = Release|Any CPU
		{C79E33D1-94CD-4846-AEC2-270038DE3001}.Release|ARM.Build.0 = Release|Any CPU
		{C79E33D1-94CD-4846-AEC2-270038DE3001}.Release|ARM.Deploy.0 = Release|Any CPU
		{C79E33D1-94CD-4846-AEC2-270038DE3001}.Release|iPhone.ActiveCfg = Release|Any CPU
		{C79E33D1-94CD-4846-AEC2-270038DE3001}.Release|iPhone.Build.0 = Release|Any CPU
		{C79E33D1-94CD-4846-AEC2-270038DE3001}.Release|iPhone.Deploy.0 = Release|Any CPU
		{C79E33D1-94CD-4846-AEC2-270038DE3001}.Release|iPhoneSimulator.ActiveCfg = Release|Any CPU
		{C79E33D1-94CD-4846-AEC2-270038DE3001}.Release|iPhoneSimulator.Build.0 = Release|Any CPU
		{C79E33D1-94CD-4846-AEC2-270038DE3001}.Release|iPhoneSimulator.Deploy.0 = Release|Any CPU
		{C79E33D1-94CD-4846-AEC2-270038DE3001}.Release|x64.ActiveCfg = Release|Any CPU
		{C79E33D1-94CD-4846-AEC2-270038DE3001}.Release|x64.Build.0 = Release|Any CPU
		{C79E33D1-94CD-4846-AEC2-270038DE3001}.Release|x64.Deploy.0 = Release|Any CPU
		{C79E33D1-94CD-4846-AEC2-270038DE3001}.Release|x86.ActiveCfg = Release|Any CPU
		{C79E33D1-94CD-4846-AEC2-270038DE3001}.Release|x86.Build.0 = Release|Any CPU
		{C79E33D1-94CD-4846-AEC2-270038DE3001}.Release|x86.Deploy.0 = Release|Any CPU
	EndGlobalSection
	GlobalSection(SolutionProperties) = preSolution
		HideSolutionNode = FALSE
	EndGlobalSection
	GlobalSection(ExtensibilityGlobals) = postSolution
		SolutionGuid = {76C8C9D5-D50E-431A-A9DF-549121021AC2}
	EndGlobalSection
EndGlobal
